// !$*UTF8*$!
{
	archiveVersion = 1;
	classes = {
	};
	objectVersion = 50;
	objects = {

/* Begin PBXBuildFile section */
		4254003B2689AFA100147FC7 /* SampleSDK.framework in Frameworks */ = {isa = PBXBuildFile; fileRef = 425400312689AFA100147FC7 /* SampleSDK.framework */; };
		425400402689AFA100147FC7 /* SampleSDKTests.swift in Sources */ = {isa = PBXBuildFile; fileRef = 4254003F2689AFA100147FC7 /* SampleSDKTests.swift */; };
		425400422689AFA100147FC7 /* SampleSDK.h in Headers */ = {isa = PBXBuildFile; fileRef = 425400342689AFA100147FC7 /* SampleSDK.h */; settings = {ATTRIBUTES = (Public, ); }; };
		4254004E2689B09A00147FC7 /* App.swift in Sources */ = {isa = PBXBuildFile; fileRef = 4254004D2689B09A00147FC7 /* App.swift */; };
/* End PBXBuildFile section */

/* Begin PBXContainerItemProxy section */
		4254003C2689AFA100147FC7 /* PBXContainerItemProxy */ = {
			isa = PBXContainerItemProxy;
			containerPortal = 425400282689AFA100147FC7 /* Project object */;
			proxyType = 1;
			remoteGlobalIDString = 425400302689AFA100147FC7;
			remoteInfo = SampleSDK;
		};
/* End PBXContainerItemProxy section */

/* Begin PBXFileReference section */
		425400312689AFA100147FC7 /* SampleSDK.framework */ = {isa = PBXFileReference; explicitFileType = wrapper.framework; includeInIndex = 0; path = SampleSDK.framework; sourceTree = BUILT_PRODUCTS_DIR; };
		425400342689AFA100147FC7 /* SampleSDK.h */ = {isa = PBXFileReference; lastKnownFileType = sourcecode.c.h; path = SampleSDK.h; sourceTree = "<group>"; };
		425400352689AFA100147FC7 /* Info.plist */ = {isa = PBXFileReference; lastKnownFileType = text.plist.xml; path = Info.plist; sourceTree = "<group>"; };
		4254003A2689AFA100147FC7 /* SampleSDKTests.xctest */ = {isa = PBXFileReference; explicitFileType = wrapper.cfbundle; includeInIndex = 0; path = SampleSDKTests.xctest; sourceTree = BUILT_PRODUCTS_DIR; };
		4254003F2689AFA100147FC7 /* SampleSDKTests.swift */ = {isa = PBXFileReference; lastKnownFileType = sourcecode.swift; path = SampleSDKTests.swift; sourceTree = "<group>"; };
		425400412689AFA100147FC7 /* Info.plist */ = {isa = PBXFileReference; lastKnownFileType = text.plist.xml; path = Info.plist; sourceTree = "<group>"; };
		4254004D2689B09A00147FC7 /* App.swift */ = {isa = PBXFileReference; lastKnownFileType = sourcecode.swift; path = App.swift; sourceTree = "<group>"; };
/* End PBXFileReference section */

/* Begin PBXFrameworksBuildPhase section */
		4254002E2689AFA100147FC7 /* Frameworks */ = {
			isa = PBXFrameworksBuildPhase;
			buildActionMask = 2147483647;
			files = (
			);
			runOnlyForDeploymentPostprocessing = 0;
		};
		425400372689AFA100147FC7 /* Frameworks */ = {
			isa = PBXFrameworksBuildPhase;
			buildActionMask = 2147483647;
			files = (
				4254003B2689AFA100147FC7 /* SampleSDK.framework in Frameworks */,
			);
			runOnlyForDeploymentPostprocessing = 0;
		};
/* End PBXFrameworksBuildPhase section */

/* Begin PBXGroup section */
		425400272689AFA100147FC7 = {
			isa = PBXGroup;
			children = (
				425400332689AFA100147FC7 /* SampleSDK */,
				4254003E2689AFA100147FC7 /* SampleSDKTests */,
				425400322689AFA100147FC7 /* Products */,
			);
			sourceTree = "<group>";
		};
		425400322689AFA100147FC7 /* Products */ = {
			isa = PBXGroup;
			children = (
				425400312689AFA100147FC7 /* SampleSDK.framework */,
				4254003A2689AFA100147FC7 /* SampleSDKTests.xctest */,
			);
			name = Products;
			sourceTree = "<group>";
		};
		425400332689AFA100147FC7 /* SampleSDK */ = {
			isa = PBXGroup;
			children = (
				425400342689AFA100147FC7 /* SampleSDK.h */,
				425400352689AFA100147FC7 /* Info.plist */,
				4254004D2689B09A00147FC7 /* App.swift */,
			);
			path = SampleSDK;
			sourceTree = "<group>";
		};
		4254003E2689AFA100147FC7 /* SampleSDKTests */ = {
			isa = PBXGroup;
			children = (
				4254003F2689AFA100147FC7 /* SampleSDKTests.swift */,
				425400412689AFA100147FC7 /* Info.plist */,
			);
			path = SampleSDKTests;
			sourceTree = "<group>";
		};
/* End PBXGroup section */

/* Begin PBXHeadersBuildPhase section */
		4254002C2689AFA100147FC7 /* Headers */ = {
			isa = PBXHeadersBuildPhase;
			buildActionMask = 2147483647;
			files = (
				425400422689AFA100147FC7 /* SampleSDK.h in Headers */,
			);
			runOnlyForDeploymentPostprocessing = 0;
		};
/* End PBXHeadersBuildPhase section */

/* Begin PBXNativeTarget section */
		425400302689AFA100147FC7 /* SampleSDK */ = {
			isa = PBXNativeTarget;
			buildConfigurationList = 425400452689AFA100147FC7 /* Build configuration list for PBXNativeTarget "SampleSDK" */;
			buildPhases = (
				4254002C2689AFA100147FC7 /* Headers */,
				4254002D2689AFA100147FC7 /* Sources */,
				4254002E2689AFA100147FC7 /* Frameworks */,
				4254002F2689AFA100147FC7 /* Resources */,
			);
			buildRules = (
			);
			dependencies = (
			);
			name = SampleSDK;
			productName = SampleSDK;
			productReference = 425400312689AFA100147FC7 /* SampleSDK.framework */;
			productType = "com.apple.product-type.framework";
		};
		425400392689AFA100147FC7 /* SampleSDKTests */ = {
			isa = PBXNativeTarget;
			buildConfigurationList = 425400482689AFA100147FC7 /* Build configuration list for PBXNativeTarget "SampleSDKTests" */;
			buildPhases = (
				425400362689AFA100147FC7 /* Sources */,
				425400372689AFA100147FC7 /* Frameworks */,
				425400382689AFA100147FC7 /* Resources */,
			);
			buildRules = (
			);
			dependencies = (
				4254003D2689AFA100147FC7 /* PBXTargetDependency */,
			);
			name = SampleSDKTests;
			productName = SampleSDKTests;
			productReference = 4254003A2689AFA100147FC7 /* SampleSDKTests.xctest */;
			productType = "com.apple.product-type.bundle.unit-test";
		};
/* End PBXNativeTarget section */

/* Begin PBXProject section */
		425400282689AFA100147FC7 /* Project object */ = {
			isa = PBXProject;
			attributes = {
				LastSwiftUpdateCheck = 1240;
				LastUpgradeCheck = 1240;
				TargetAttributes = {
					425400302689AFA100147FC7 = {
						CreatedOnToolsVersion = 12.4;
						LastSwiftMigration = 1240;
					};
					425400392689AFA100147FC7 = {
						CreatedOnToolsVersion = 12.4;
					};
				};
			};
			buildConfigurationList = 4254002B2689AFA100147FC7 /* Build configuration list for PBXProject "SampleSDK" */;
			compatibilityVersion = "Xcode 9.3";
			developmentRegion = en;
			hasScannedForEncodings = 0;
			knownRegions = (
				en,
				Base,
			);
			mainGroup = 425400272689AFA100147FC7;
			productRefGroup = 425400322689AFA100147FC7 /* Products */;
			projectDirPath = "";
			projectRoot = "";
			targets = (
				425400302689AFA100147FC7 /* SampleSDK */,
				425400392689AFA100147FC7 /* SampleSDKTests */,
			);
		};
/* End PBXProject section */

/* Begin PBXResourcesBuildPhase section */
		4254002F2689AFA100147FC7 /* Resources */ = {
			isa = PBXResourcesBuildPhase;
			buildActionMask = 2147483647;
			files = (
			);
			runOnlyForDeploymentPostprocessing = 0;
		};
		425400382689AFA100147FC7 /* Resources */ = {
			isa = PBXResourcesBuildPhase;
			buildActionMask = 2147483647;
			files = (
			);
			runOnlyForDeploymentPostprocessing = 0;
		};
/* End PBXResourcesBuildPhase section */

/* Begin PBXSourcesBuildPhase section */
		4254002D2689AFA100147FC7 /* Sources */ = {
			isa = PBXSourcesBuildPhase;
			buildActionMask = 2147483647;
			files = (
				4254004E2689B09A00147FC7 /* App.swift in Sources */,
			);
			runOnlyForDeploymentPostprocessing = 0;
		};
		425400362689AFA100147FC7 /* Sources */ = {
			isa = PBXSourcesBuildPhase;
			buildActionMask = 2147483647;
			files = (
				425400402689AFA100147FC7 /* SampleSDKTests.swift in Sources */,
			);
			runOnlyForDeploymentPostprocessing = 0;
		};
/* End PBXSourcesBuildPhase section */

/* Begin PBXTargetDependency section */
		4254003D2689AFA100147FC7 /* PBXTargetDependency */ = {
			isa = PBXTargetDependency;
			target = 425400302689AFA100147FC7 /* SampleSDK */;
			targetProxy = 4254003C2689AFA100147FC7 /* PBXContainerItemProxy */;
		};
/* End PBXTargetDependency section */

/* Begin XCBuildConfiguration section */
		425400432689AFA100147FC7 /* Debug */ = {
			isa = XCBuildConfiguration;
			buildSettings = {
				ALWAYS_SEARCH_USER_PATHS = NO;
				CLANG_ANALYZER_NONNULL = YES;
				CLANG_ANALYZER_NUMBER_OBJECT_CONVERSION = YES_AGGRESSIVE;
				CLANG_CXX_LANGUAGE_STANDARD = "gnu++14";
				CLANG_CXX_LIBRARY = "libc++";
				CLANG_ENABLE_MODULES = YES;
				CLANG_ENABLE_OBJC_ARC = YES;
				CLANG_ENABLE_OBJC_WEAK = YES;
				CLANG_WARN_BLOCK_CAPTURE_AUTORELEASING = YES;
				CLANG_WARN_BOOL_CONVERSION = YES;
				CLANG_WARN_COMMA = YES;
				CLANG_WARN_CONSTANT_CONVERSION = YES;
				CLANG_WARN_DEPRECATED_OBJC_IMPLEMENTATIONS = YES;
				CLANG_WARN_DIRECT_OBJC_ISA_USAGE = YES_ERROR;
				CLANG_WARN_DOCUMENTATION_COMMENTS = YES;
				CLANG_WARN_EMPTY_BODY = YES;
				CLANG_WARN_ENUM_CONVERSION = YES;
				CLANG_WARN_INFINITE_RECURSION = YES;
				CLANG_WARN_INT_CONVERSION = YES;
				CLANG_WARN_NON_LITERAL_NULL_CONVERSION = YES;
				CLANG_WARN_OBJC_IMPLICIT_RETAIN_SELF = YES;
				CLANG_WARN_OBJC_LITERAL_CONVERSION = YES;
				CLANG_WARN_OBJC_ROOT_CLASS = YES_ERROR;
				CLANG_WARN_QUOTED_INCLUDE_IN_FRAMEWORK_HEADER = YES;
				CLANG_WARN_RANGE_LOOP_ANALYSIS = YES;
				CLANG_WARN_STRICT_PROTOTYPES = YES;
				CLANG_WARN_SUSPICIOUS_MOVE = YES;
				CLANG_WARN_UNGUARDED_AVAILABILITY = YES_AGGRESSIVE;
				CLANG_WARN_UNREACHABLE_CODE = YES;
				CLANG_WARN__DUPLICATE_METHOD_MATCH = YES;
				COPY_PHASE_STRIP = NO;
				CURRENT_PROJECT_VERSION = 1;
				DEBUG_INFORMATION_FORMAT = dwarf;
				ENABLE_STRICT_OBJC_MSGSEND = YES;
				ENABLE_TESTABILITY = YES;
				GCC_C_LANGUAGE_STANDARD = gnu11;
				GCC_DYNAMIC_NO_PIC = NO;
				GCC_NO_COMMON_BLOCKS = YES;
				GCC_OPTIMIZATION_LEVEL = 0;
				GCC_PREPROCESSOR_DEFINITIONS = (
					"DEBUG=1",
					"$(inherited)",
				);
				GCC_WARN_64_TO_32_BIT_CONVERSION = YES;
				GCC_WARN_ABOUT_RETURN_TYPE = YES_ERROR;
				GCC_WARN_UNDECLARED_SELECTOR = YES;
				GCC_WARN_UNINITIALIZED_AUTOS = YES_AGGRESSIVE;
				GCC_WARN_UNUSED_FUNCTION = YES;
				GCC_WARN_UNUSED_VARIABLE = YES;
				IPHONEOS_DEPLOYMENT_TARGET = 14.4;
				MTL_ENABLE_DEBUG_INFO = INCLUDE_SOURCE;
				MTL_FAST_MATH = YES;
				ONLY_ACTIVE_ARCH = YES;
				SDKROOT = iphoneos;
				SWIFT_ACTIVE_COMPILATION_CONDITIONS = DEBUG;
				SWIFT_OPTIMIZATION_LEVEL = "-Onone";
				VERSIONING_SYSTEM = "apple-generic";
				VERSION_INFO_PREFIX = "";
			};
			name = Debug;
		};
		425400442689AFA100147FC7 /* Release */ = {
			isa = XCBuildConfiguration;
			buildSettings = {
				ALWAYS_SEARCH_USER_PATHS = NO;
				CLANG_ANALYZER_NONNULL = YES;
				CLANG_ANALYZER_NUMBER_OBJECT_CONVERSION = YES_AGGRESSIVE;
				CLANG_CXX_LANGUAGE_STANDARD = "gnu++14";
				CLANG_CXX_LIBRARY = "libc++";
				CLANG_ENABLE_MODULES = YES;
				CLANG_ENABLE_OBJC_ARC = YES;
				CLANG_ENABLE_OBJC_WEAK = YES;
				CLANG_WARN_BLOCK_CAPTURE_AUTORELEASING = YES;
				CLANG_WARN_BOOL_CONVERSION = YES;
				CLANG_WARN_COMMA = YES;
				CLANG_WARN_CONSTANT_CONVERSION = YES;
				CLANG_WARN_DEPRECATED_OBJC_IMPLEMENTATIONS = YES;
				CLANG_WARN_DIRECT_OBJC_ISA_USAGE = YES_ERROR;
				CLANG_WARN_DOCUMENTATION_COMMENTS = YES;
				CLANG_WARN_EMPTY_BODY = YES;
				CLANG_WARN_ENUM_CONVERSION = YES;
				CLANG_WARN_INFINITE_RECURSION = YES;
				CLANG_WARN_INT_CONVERSION = YES;
				CLANG_WARN_NON_LITERAL_NULL_CONVERSION = YES;
				CLANG_WARN_OBJC_IMPLICIT_RETAIN_SELF = YES;
				CLANG_WARN_OBJC_LITERAL_CONVERSION = YES;
				CLANG_WARN_OBJC_ROOT_CLASS = YES_ERROR;
				CLANG_WARN_QUOTED_INCLUDE_IN_FRAMEWORK_HEADER = YES;
				CLANG_WARN_RANGE_LOOP_ANALYSIS = YES;
				CLANG_WARN_STRICT_PROTOTYPES = YES;
				CLANG_WARN_SUSPICIOUS_MOVE = YES;
				CLANG_WARN_UNGUARDED_AVAILABILITY = YES_AGGRESSIVE;
				CLANG_WARN_UNREACHABLE_CODE = YES;
				CLANG_WARN__DUPLICATE_METHOD_MATCH = YES;
				COPY_PHASE_STRIP = NO;
				CURRENT_PROJECT_VERSION = 1;
				DEBUG_INFORMATION_FORMAT = "dwarf-with-dsym";
				ENABLE_NS_ASSERTIONS = NO;
				ENABLE_STRICT_OBJC_MSGSEND = YES;
				GCC_C_LANGUAGE_STANDARD = gnu11;
				GCC_NO_COMMON_BLOCKS = YES;
				GCC_WARN_64_TO_32_BIT_CONVERSION = YES;
				GCC_WARN_ABOUT_RETURN_TYPE = YES_ERROR;
				GCC_WARN_UNDECLARED_SELECTOR = YES;
				GCC_WARN_UNINITIALIZED_AUTOS = YES_AGGRESSIVE;
				GCC_WARN_UNUSED_FUNCTION = YES;
				GCC_WARN_UNUSED_VARIABLE = YES;
				IPHONEOS_DEPLOYMENT_TARGET = 14.4;
				MTL_ENABLE_DEBUG_INFO = NO;
				MTL_FAST_MATH = YES;
				SDKROOT = iphoneos;
				SWIFT_COMPILATION_MODE = wholemodule;
				SWIFT_OPTIMIZATION_LEVEL = "-O";
				VALIDATE_PRODUCT = YES;
				VERSIONING_SYSTEM = "apple-generic";
				VERSION_INFO_PREFIX = "";
			};
			name = Release;
		};
		425400462689AFA100147FC7 /* Debug */ = {
			isa = XCBuildConfiguration;
			buildSettings = {
				CLANG_ENABLE_MODULES = YES;
				CODE_SIGN_STYLE = Automatic;
				DEFINES_MODULE = YES;
				DYLIB_COMPATIBILITY_VERSION = 1;
				DYLIB_CURRENT_VERSION = 1;
				DYLIB_INSTALL_NAME_BASE = "@rpath";
				INFOPLIST_FILE = SampleSDK/Info.plist;
				INSTALL_PATH = "$(LOCAL_LIBRARY_DIR)/Frameworks";
				LD_RUNPATH_SEARCH_PATHS = (
					"$(inherited)",
					"@executable_path/Frameworks",
					"@loader_path/Frameworks",
				);
				PRODUCT_BUNDLE_IDENTIFIER = com.satyadev.SampleSDK;
				PRODUCT_NAME = "$(TARGET_NAME:c99extidentifier)";
				SKIP_INSTALL = YES;
				SWIFT_OPTIMIZATION_LEVEL = "-Onone";
				SWIFT_VERSION = 5.0;
				TARGETED_DEVICE_FAMILY = "1,2";
			};
			name = Debug;
		};
		425400472689AFA100147FC7 /* Release */ = {
			isa = XCBuildConfiguration;
			buildSettings = {
				CLANG_ENABLE_MODULES = YES;
				CODE_SIGN_STYLE = Automatic;
				DEFINES_MODULE = YES;
				DYLIB_COMPATIBILITY_VERSION = 1;
				DYLIB_CURRENT_VERSION = 1;
				DYLIB_INSTALL_NAME_BASE = "@rpath";
				INFOPLIST_FILE = SampleSDK/Info.plist;
				INSTALL_PATH = "$(LOCAL_LIBRARY_DIR)/Frameworks";
				LD_RUNPATH_SEARCH_PATHS = (
					"$(inherited)",
					"@executable_path/Frameworks",
					"@loader_path/Frameworks",
				);
				PRODUCT_BUNDLE_IDENTIFIER = com.satyadev.SampleSDK;
				PRODUCT_NAME = "$(TARGET_NAME:c99extidentifier)";
				SKIP_INSTALL = YES;
				SWIFT_VERSION = 5.0;
				TARGETED_DEVICE_FAMILY = "1,2";
			};
			name = Release;
		};
		425400492689AFA100147FC7 /* Debug */ = {
			isa = XCBuildConfiguration;
			buildSettings = {
				ALWAYS_EMBED_SWIFT_STANDARD_LIBRARIES = YES;
				CODE_SIGN_STYLE = Automatic;
				INFOPLIST_FILE = SampleSDKTests/Info.plist;
				LD_RUNPATH_SEARCH_PATHS = (
					"$(inherited)",
					"@executable_path/Frameworks",
					"@loader_path/Frameworks",
				);
				PRODUCT_BUNDLE_IDENTIFIER = com.satyadev.SampleSDKTests;
				PRODUCT_NAME = "$(TARGET_NAME)";
				SWIFT_VERSION = 5.0;
				TARGETED_DEVICE_FAMILY = "1,2";
			};
			name = Debug;
		};
		4254004A2689AFA100147FC7 /* Release */ = {
			isa = XCBuildConfiguration;
			buildSettings = {
				ALWAYS_EMBED_SWIFT_STANDARD_LIBRARIES = YES;
				CODE_SIGN_STYLE = Automatic;
				INFOPLIST_FILE = SampleSDKTests/Info.plist;
				LD_RUNPATH_SEARCH_PATHS = (
					"$(inherited)",
					"@executable_path/Frameworks",
					"@loader_path/Frameworks",
				);
				PRODUCT_BUNDLE_IDENTIFIER = com.satyadev.SampleSDKTests;
				PRODUCT_NAME = "$(TARGET_NAME)";
				SWIFT_VERSION = 5.0;
				TARGETED_DEVICE_FAMILY = "1,2";
			};
			name = Release;
		};
/* End XCBuildConfiguration section */

/* Begin XCConfigurationList section */
		4254002B2689AFA100147FC7 /* Build configuration list for PBXProject "SampleSDK" */ = {
			isa = XCConfigurationList;
			buildConfigurations = (
				425400432689AFA100147FC7 /* Debug */,
				425400442689AFA100147FC7 /* Release */,
			);
			defaultConfigurationIsVisible = 0;
			defaultConfigurationName = Release;
		};
		425400452689AFA100147FC7 /* Build configuration list for PBXNativeTarget "SampleSDK" */ = {
			isa = XCConfigurationList;
			buildConfigurations = (
				425400462689AFA100147FC7 /* Debug */,
				425400472689AFA100147FC7 /* Release */,
			);
			defaultConfigurationIsVisible = 0;
			defaultConfigurationName = Release;
		};
		425400482689AFA100147FC7 /* Build configuration list for PBXNativeTarget "SampleSDKTests" */ = {
			isa = XCConfigurationList;
			buildConfigurations = (
				425400492689AFA100147FC7 /* Debug */,
				4254004A2689AFA100147FC7 /* Release */,
			);
			defaultConfigurationIsVisible = 0;
			defaultConfigurationName = Release;
		};
/* End XCConfigurationList section */
	};
	rootObject = 425400282689AFA100147FC7 /* Project object */;
}
